
Microsoft Visual Studio Solution File, Format Version 12.00
# Visual Studio Version 17
VisualStudioVersion = 17.13.35806.99
MinimumVisualStudioVersion = 10.0.40219.1
Project("{FAE04EC0-301F-11D3-BF4B-00C04F79EFBC}") = "Rosa Parks Login Kiosk2", "Rosa Parks Login Kiosk2\Rosa Parks Login Kiosk2.csproj", "{B0C6F90E-8CEA-4BDC-9A3B-67C90B7F8D41}"
EndProject
Global
	GlobalSection(SolutionConfigurationPlatforms) = preSolution
		Debug|Compile in 64bit only ONEAL! = Debug|Compile in 64bit only ONEAL!
		Debug|x64 = Debug|x64
		ONEAL-Use-This|Compile in 64bit only ONEAL! = ONEAL-Use-This|Compile in 64bit only ONEAL!
		ONEAL-Use-This|x64 = ONEAL-Use-This|x64
	EndGlobalSection
	GlobalSection(ProjectConfigurationPlatforms) = postSolution
		{B0C6F90E-8CEA-4BDC-9A3B-67C90B7F8D41}.Debug|Compile in 64bit only ONEAL!.ActiveCfg = Debug|Any CPU
		{B0C6F90E-8CEA-4BDC-9A3B-67C90B7F8D41}.Debug|Compile in 64bit only ONEAL!.Build.0 = Debug|Any CPU
		{B0C6F90E-8CEA-4BDC-9A3B-67C90B7F8D41}.Debug|x64.ActiveCfg = Release|x64
		{B0C6F90E-8CEA-4BDC-9A3B-67C90B7F8D41}.Debug|x64.Build.0 = Release|x64
		{B0C6F90E-8CEA-4BDC-9A3B-67C90B7F8D41}.ONEAL-Use-This|Compile in 64bit only ONEAL!.ActiveCfg = Release|Any CPU
		{B0C6F90E-8CEA-4BDC-9A3B-67C90B7F8D41}.ONEAL-Use-This|Compile in 64bit only ONEAL!.Build.0 = Release|Any CPU
		{B0C6F90E-8CEA-4BDC-9A3B-67C90B7F8D41}.ONEAL-Use-This|x64.ActiveCfg = Release|x64
		{B0C6F90E-8CEA-4BDC-9A3B-67C90B7F8D41}.ONEAL-Use-This|x64.Build.0 = Release|x64
	EndGlobalSection
	GlobalSection(SolutionProperties) = preSolution
		HideSolutionNode = FALSE
	EndGlobalSection
	GlobalSection(ExtensibilityGlobals) = postSolution
		SolutionGuid = {A72715D0-F0C3-4683-9C9E-54122FB7E1CE}
	EndGlobalSection
EndGlobal
